
Microsoft Visual Studio Solution File, Format Version 12.00
# Visual Studio Version 17
VisualStudioVersion = 17.4.33205.214
MinimumVisualStudioVersion = 10.0.40219.1
Project("{9A19103F-16F7-4668-BE54-9A1E7A4F7556}") = "HelloWorld", "HelloWorld.csproj", "{DD7A450D-E5A7-49B1-BD58-4D459FF0A03C}"
EndProject
Global
	GlobalSection(SolutionConfigurationPlatforms) = preSolution
		Debug|Any CPU = Debug|Any CPU
		Release|Any CPU = Release|Any CPU
	EndGlobalSection
	GlobalSection(ProjectConfigurationPlatforms) = postSolution
		{DD7A450D-E5A7-49B1-BD58-4D459FF0A03C}.Debug|Any CPU.ActiveCfg = Debug|Any CPU
		{DD7A450D-E5A7-49B1-BD58-4D459FF0A03C}.Debug|Any CPU.Build.0 = Debug|Any CPU
		{DD7A450D-E5A7-49B1-BD58-4D459FF0A03C}.Release|Any CPU.ActiveCfg = Release|Any CPU
		{DD7A450D-E5A7-49B1-BD58-4D459FF0A03C}.Release|Any CPU.Build.0 = Release|Any CPU
	EndGlobalSection
	GlobalSection(SolutionProperties) = preSolution
		HideSolutionNode = FALSE
	EndGlobalSection
	GlobalSection(ExtensibilityGlobals) = postSolution
		SolutionGuid = {034476A0-E90F-4591-BCFD-5E67C1AC1144}
	EndGlobalSection
EndGlobal
